# This file is automatically @generated by Cargo.
# It is not intended for manual editing.
version = 4

[[package]]
name = "wwn-igetty-core"
version = "0.1.0"

[[package]]
name = "wwn-igetty-ios"
version = "0.1.0"
dependencies = [
 "wwn-igetty-core",
]

[[package]]
name = "wwn-igetty-jailbreak"
version = "0.1.0"
dependencies = [
 "wwn-igetty-core",
]
